Microsoft Visual Studio Solution File, Format Version 12.00
# Visual Studio Version 17
VisualStudioVersion = 17.14.36109.1
MinimumVisualStudioVersion = 10.0.40219.1
Project("{2150E333-8FDC-42A3-9474-1A3956D46DE8}") = "Solution Items", "Solution Items", "{81D4E1D1-E78E-4DCB-9365-9A96241C8E06}"
	ProjectSection(SolutionItems) = preProject
		.gitignore = .gitignore
		build-zafir.cmd = build-zafir.cmd
		build-zafir.fsx = build-zafir.fsx
		build.cmd = build.cmd
		build.fsx = build.fsx
		build.sh = build.sh
		ivy-zafir.xml = ivy-zafir.xml
		ivy.xml = ivy.xml
		LICENSE.md = LICENSE.md
		README.md = README.md
	EndProjectSection
EndProject
Project("{F2A71F9B-5D33-465A-A702-920D77279786}") = "WebSharper.Cytoscape", "WebSharper.Cytoscape\WebSharper.Cytoscape.fsproj", "{3CDE749A-89BB-4AC1-90D8-882202FCACCA}"
EndProject
Project("{F2A71F9B-5D33-465A-A702-920D77279786}") = "WebSharper.Cytoscape.Sample", "WebSharper.Cytoscape.Sample\WebSharper.Cytoscape.Sample.fsproj", "{73A19D6B-46AF-4934-A109-021082ED5056}"
EndProject
Global
	GlobalSection(SolutionConfigurationPlatforms) = preSolution
		Debug|Any CPU = Debug|Any CPU
		Release|Any CPU = Release|Any CPU
	EndGlobalSection
	GlobalSection(ProjectConfigurationPlatforms) = postSolution
		{3CDE749A-89BB-4AC1-90D8-882202FCACCA}.Debug|Any CPU.ActiveCfg = Debug|Any CPU
		{3CDE749A-89BB-4AC1-90D8-882202FCACCA}.Debug|Any CPU.Build.0 = Debug|Any CPU
		{3CDE749A-89BB-4AC1-90D8-882202FCACCA}.Release|Any CPU.ActiveCfg = Release|Any CPU
		{3CDE749A-89BB-4AC1-90D8-882202FCACCA}.Release|Any CPU.Build.0 = Release|Any CPU
		{73A19D6B-46AF-4934-A109-021082ED5056}.Debug|Any CPU.ActiveCfg = Debug|Any CPU
		{73A19D6B-46AF-4934-A109-021082ED5056}.Debug|Any CPU.Build.0 = Debug|Any CPU
		{73A19D6B-46AF-4934-A109-021082ED5056}.Release|Any CPU.ActiveCfg = Release|Any CPU
		{73A19D6B-46AF-4934-A109-021082ED5056}.Release|Any CPU.Build.0 = Release|Any CPU
	EndGlobalSection
	GlobalSection(SolutionProperties) = preSolution
		HideSolutionNode = FALSE
	EndGlobalSection
	GlobalSection(ExtensibilityGlobals) = postSolution
		SolutionGuid = {A1C68B6C-A1D8-43FF-A9C3-8E85C40367C5}
	EndGlobalSection
EndGlobal
