Microsoft Visual Studio Solution File, Format Version 12.00
# Visual Studio 15
VisualStudioVersion = 15.0.26430.12
MinimumVisualStudioVersion = 10.0.40219.1
Project("{F2A71F9B-5D33-465A-A702-920D77279786}") = "WebSharper.Cytoscape", "WebSharper.Cytoscape\WebSharper.Cytoscape.fsproj", "{93167253-1F52-46B0-911E-3DC03ACC1CBF}"
EndProject
Project("{2150E333-8FDC-42A3-9474-1A3956D46DE8}") = "Solution Items", "Solution Items", "{81D4E1D1-E78E-4DCB-9365-9A96241C8E06}"
	ProjectSection(SolutionItems) = preProject
		.gitignore = .gitignore
		build-zafir.cmd = build-zafir.cmd
		build-zafir.fsx = build-zafir.fsx
		build.cmd = build.cmd
		build.fsx = build.fsx
		build.sh = build.sh
		ivy-zafir.xml = ivy-zafir.xml
		ivy.xml = ivy.xml
		LICENSE.md = LICENSE.md
		README.md = README.md
	EndProjectSection
EndProject
Project("{F2A71F9B-5D33-465A-A702-920D77279786}") = "WebSharper.Cytoscape.Sample", "WebSharper.Cytoscape.Sample\WebSharper.Cytoscape.Sample.fsproj", "{4FEBDEB2-2544-4148-8FC8-9B5744FF167A}"
EndProject
Global
	GlobalSection(SolutionConfigurationPlatforms) = preSolution
		Debug|Any CPU = Debug|Any CPU
		Release|Any CPU = Release|Any CPU
	EndGlobalSection
	GlobalSection(ProjectConfigurationPlatforms) = postSolution
		{93167253-1F52-46B0-911E-3DC03ACC1CBF}.Debug|Any CPU.ActiveCfg = Debug|Any CPU
		{93167253-1F52-46B0-911E-3DC03ACC1CBF}.Debug|Any CPU.Build.0 = Debug|Any CPU
		{93167253-1F52-46B0-911E-3DC03ACC1CBF}.Release|Any CPU.ActiveCfg = Release|Any CPU
		{93167253-1F52-46B0-911E-3DC03ACC1CBF}.Release|Any CPU.Build.0 = Release|Any CPU
		{4FEBDEB2-2544-4148-8FC8-9B5744FF167A}.Debug|Any CPU.ActiveCfg = Debug|Any CPU
		{4FEBDEB2-2544-4148-8FC8-9B5744FF167A}.Debug|Any CPU.Build.0 = Debug|Any CPU
		{4FEBDEB2-2544-4148-8FC8-9B5744FF167A}.Release|Any CPU.ActiveCfg = Release|Any CPU
		{4FEBDEB2-2544-4148-8FC8-9B5744FF167A}.Release|Any CPU.Build.0 = Release|Any CPU
	EndGlobalSection
	GlobalSection(SolutionProperties) = preSolution
		HideSolutionNode = FALSE
	EndGlobalSection
EndGlobal
